PODS:
  - KFSwiftImageLoader (4.0.0)

DEPENDENCIES:
  - KFSwiftImageLoader (from `../`)

EXTERNAL SOURCES:
  KFSwiftImageLoader:
    :path: "../"

SPEC CHECKSUMS:
  KFSwiftImageLoader: f6edb1af1c9ed23906509d4db7e00edc1086228b

PODFILE CHECKSUM: dba003fcdf5cbb5c92d8db34ea880e05770178b0

COCOAPODS: 1.8.4
