PODS:
  - KFSwiftImageLoader (4.0.0)

DEPENDENCIES:
  - KFSwiftImageLoader (from `../`)

EXTERNAL SOURCES:
  KFSwiftImageLoader:
    :path: "../"

SPEC CHECKSUMS:
  KFSwiftImageLoader: 0e5b263d35e01a8aa5f837df188dcbe1f57110fa

PODFILE CHECKSUM: d76ef9326cc1dd1feeabddac8ee2ff8c9d816ec2

COCOAPODS: 1.8.4
